
Microsoft Visual Studio Solution File, Format Version 12.00
# Visual Studio Version 17
VisualStudioVersion = 17.5.33209.295
MinimumVisualStudioVersion = 10.0.40219.1
Project("{FAE04EC0-301F-11D3-BF4B-00C04F79EFBC}") = "HolidayInCity", "HolidayInCity\HolidayInCity.csproj", "{F653F406-9EA5-45D3-B3A7-FCAFF29E35DF}"
EndProject
Project("{FAE04EC0-301F-11D3-BF4B-00C04F79EFBC}") = "HolidayInCity.ApplicationServices", "HolidayInCity.ApplicationServices\HolidayInCity.ApplicationServices.csproj", "{07D9E1C8-B50F-4481-87B7-B66F545133BC}"
EndProject
Project("{FAE04EC0-301F-11D3-BF4B-00C04F79EFBC}") = "HolidayInCity.DataAccess", "HolidayInCity.DataAccess\HolidayInCity.DataAccess.csproj", "{107EC519-5D8E-4D1C-BE4E-0492CE1566CD}"
EndProject
Global
	GlobalSection(SolutionConfigurationPlatforms) = preSolution
		Debug|Any CPU = Debug|Any CPU
		Release|Any CPU = Release|Any CPU
	EndGlobalSection
	GlobalSection(ProjectConfigurationPlatforms) = postSolution
		{F653F406-9EA5-45D3-B3A7-FCAFF29E35DF}.Debug|Any CPU.ActiveCfg = Debug|Any CPU
		{F653F406-9EA5-45D3-B3A7-FCAFF29E35DF}.Debug|Any CPU.Build.0 = Debug|Any CPU
		{F653F406-9EA5-45D3-B3A7-FCAFF29E35DF}.Release|Any CPU.ActiveCfg = Release|Any CPU
		{F653F406-9EA5-45D3-B3A7-FCAFF29E35DF}.Release|Any CPU.Build.0 = Release|Any CPU
		{07D9E1C8-B50F-4481-87B7-B66F545133BC}.Debug|Any CPU.ActiveCfg = Debug|Any CPU
		{07D9E1C8-B50F-4481-87B7-B66F545133BC}.Debug|Any CPU.Build.0 = Debug|Any CPU
		{07D9E1C8-B50F-4481-87B7-B66F545133BC}.Release|Any CPU.ActiveCfg = Release|Any CPU
		{07D9E1C8-B50F-4481-87B7-B66F545133BC}.Release|Any CPU.Build.0 = Release|Any CPU
		{107EC519-5D8E-4D1C-BE4E-0492CE1566CD}.Debug|Any CPU.ActiveCfg = Debug|Any CPU
		{107EC519-5D8E-4D1C-BE4E-0492CE1566CD}.Debug|Any CPU.Build.0 = Debug|Any CPU
		{107EC519-5D8E-4D1C-BE4E-0492CE1566CD}.Release|Any CPU.ActiveCfg = Release|Any CPU
		{107EC519-5D8E-4D1C-BE4E-0492CE1566CD}.Release|Any CPU.Build.0 = Release|Any CPU
	EndGlobalSection
	GlobalSection(SolutionProperties) = preSolution
		HideSolutionNode = FALSE
	EndGlobalSection
	GlobalSection(ExtensibilityGlobals) = postSolution
		SolutionGuid = {D9C30C8F-9401-4AC9-AB12-91BA3048CB23}
	EndGlobalSection
EndGlobal
